// !$*UTF8*$!
{
	archiveVersion = 1;
	classes = {
	};
	objectVersion = 55;
	objects = {

/* Begin PBXBuildFile section */
		46577F95FA6E7C78D64F4C96 /* Pods_SwiftUIFirebaseChat.framework in Frameworks */ = {isa = PBXBuildFile; fileRef = 1D5EECE99800FE128CC37994 /* Pods_SwiftUIFirebaseChat.framework */; };
		7D1C3F5C2784529C00982B01 /* ChatLogViewModel.swift in Sources */ = {isa = PBXBuildFile; fileRef = 7D1C3F5B2784529C00982B01 /* ChatLogViewModel.swift */; };
		7D5F8E7C2768C879003167CF /* SwiftUIFirebaseChatApp.swift in Sources */ = {isa = PBXBuildFile; fileRef = 7D5F8E7B2768C879003167CF /* SwiftUIFirebaseChatApp.swift */; };
		7D5F8E7E2768C879003167CF /* LoginView.swift in Sources */ = {isa = PBXBuildFile; fileRef = 7D5F8E7D2768C879003167CF /* LoginView.swift */; };
		7D5F8E802768C879003167CF /* Assets.xcassets in Resources */ = {isa = PBXBuildFile; fileRef = 7D5F8E7F2768C879003167CF /* Assets.xcassets */; };
		7D5F8E832768C879003167CF /* Preview Assets.xcassets in Resources */ = {isa = PBXBuildFile; fileRef = 7D5F8E822768C879003167CF /* Preview Assets.xcassets */; };
		7D5F8E8B2768E7E3003167CF /* FirebaseAuth in Frameworks */ = {isa = PBXBuildFile; productRef = 7D5F8E8A2768E7E3003167CF /* FirebaseAuth */; };
		7D5F8E8D2768E7E3003167CF /* FirebaseStorage in Frameworks */ = {isa = PBXBuildFile; productRef = 7D5F8E8C2768E7E3003167CF /* FirebaseStorage */; };
		7D5F8E8F2768E8EA003167CF /* GoogleService-Info.plist in Resources */ = {isa = PBXBuildFile; fileRef = 7D5F8E8E2768E8EA003167CF /* GoogleService-Info.plist */; };
		7D5F8E912768EF35003167CF /* FirebaseManager.swift in Sources */ = {isa = PBXBuildFile; fileRef = 7D5F8E902768EF35003167CF /* FirebaseManager.swift */; };
		7D703AE42785EF6F00B7CA16 /* ChatMessage.swift in Sources */ = {isa = PBXBuildFile; fileRef = 7D703AE32785EF6F00B7CA16 /* ChatMessage.swift */; };
		7D72D0792770C3A5005FB462 /* MainMessagesView.swift in Sources */ = {isa = PBXBuildFile; fileRef = 7D72D0782770C3A5005FB462 /* MainMessagesView.swift */; };
		7D806CB1276A1AC70098F03C /* ImagePicker.swift in Sources */ = {isa = PBXBuildFile; fileRef = 7D806CB0276A1AC70098F03C /* ImagePicker.swift */; };
		7D967A7B277373A90051FC3A /* CreateNewMessageView.swift in Sources */ = {isa = PBXBuildFile; fileRef = 7D967A7A277373A90051FC3A /* CreateNewMessageView.swift */; };
		7D967A7D277376030051FC3A /* CreateNewMessageViewModel.swift in Sources */ = {isa = PBXBuildFile; fileRef = 7D967A7C277376030051FC3A /* CreateNewMessageViewModel.swift */; };
		7DDB1F40277215FD00700407 /* MainMessagesViewModel.swift in Sources */ = {isa = PBXBuildFile; fileRef = 7DDB1F3F277215FD00700407 /* MainMessagesViewModel.swift */; };
		7DDB1F442772211100700407 /* ChatUser.swift in Sources */ = {isa = PBXBuildFile; fileRef = 7DDB1F432772211100700407 /* ChatUser.swift */; };
		7DDB1F472772261800700407 /* SDWebImageSwiftUI in Frameworks */ = {isa = PBXBuildFile; productRef = 7DDB1F462772261800700407 /* SDWebImageSwiftUI */; };
		7DF1BA2E2776258600901A98 /* ChatLogView.swift in Sources */ = {isa = PBXBuildFile; fileRef = 7DF1BA2D2776258600901A98 /* ChatLogView.swift */; };
/* End PBXBuildFile section */

/* Begin PBXFileReference section */
		1D5EECE99800FE128CC37994 /* Pods_SwiftUIFirebaseChat.framework */ = {isa = PBXFileReference; explicitFileType = wrapper.framework; includeInIndex = 0; path = Pods_SwiftUIFirebaseChat.framework; sourceTree = BUILT_PRODUCTS_DIR; };
		7D1C3F5B2784529C00982B01 /* ChatLogViewModel.swift */ = {isa = PBXFileReference; lastKnownFileType = sourcecode.swift; path = ChatLogViewModel.swift; sourceTree = "<group>"; };
		7D5F8E782768C879003167CF /* SwiftUIFirebaseChat.app */ = {isa = PBXFileReference; explicitFileType = wrapper.application; includeInIndex = 0; path = SwiftUIFirebaseChat.app; sourceTree = BUILT_PRODUCTS_DIR; };
		7D5F8E7B2768C879003167CF /* SwiftUIFirebaseChatApp.swift */ = {isa = PBXFileReference; lastKnownFileType = sourcecode.swift; path = SwiftUIFirebaseChatApp.swift; sourceTree = "<group>"; };
		7D5F8E7D2768C879003167CF /* LoginView.swift */ = {isa = PBXFileReference; lastKnownFileType = sourcecode.swift; path = LoginView.swift; sourceTree = "<group>"; };
		7D5F8E7F2768C879003167CF /* Assets.xcassets */ = {isa = PBXFileReference; lastKnownFileType = folder.assetcatalog; path = Assets.xcassets; sourceTree = "<group>"; };
		7D5F8E822768C879003167CF /* Preview Assets.xcassets */ = {isa = PBXFileReference; lastKnownFileType = folder.assetcatalog; path = "Preview Assets.xcassets"; sourceTree = "<group>"; };
		7D5F8E8E2768E8EA003167CF /* GoogleService-Info.plist */ = {isa = PBXFileReference; fileEncoding = 4; lastKnownFileType = text.plist.xml; path = "GoogleService-Info.plist"; sourceTree = "<group>"; };
		7D5F8E902768EF35003167CF /* FirebaseManager.swift */ = {isa = PBXFileReference; lastKnownFileType = sourcecode.swift; path = FirebaseManager.swift; sourceTree = "<group>"; };
		7D703AE32785EF6F00B7CA16 /* ChatMessage.swift */ = {isa = PBXFileReference; lastKnownFileType = sourcecode.swift; path = ChatMessage.swift; sourceTree = "<group>"; };
		7D72D0782770C3A5005FB462 /* MainMessagesView.swift */ = {isa = PBXFileReference; lastKnownFileType = sourcecode.swift; path = MainMessagesView.swift; sourceTree = "<group>"; };
		7D806CB0276A1AC70098F03C /* ImagePicker.swift */ = {isa = PBXFileReference; lastKnownFileType = sourcecode.swift; path = ImagePicker.swift; sourceTree = "<group>"; };
		7D967A7A277373A90051FC3A /* CreateNewMessageView.swift */ = {isa = PBXFileReference; lastKnownFileType = sourcecode.swift; path = CreateNewMessageView.swift; sourceTree = "<group>"; };
		7D967A7C277376030051FC3A /* CreateNewMessageViewModel.swift */ = {isa = PBXFileReference; lastKnownFileType = sourcecode.swift; path = CreateNewMessageViewModel.swift; sourceTree = "<group>"; };
		7DDB1F3F277215FD00700407 /* MainMessagesViewModel.swift */ = {isa = PBXFileReference; lastKnownFileType = sourcecode.swift; path = MainMessagesViewModel.swift; sourceTree = "<group>"; };
		7DDB1F432772211100700407 /* ChatUser.swift */ = {isa = PBXFileReference; lastKnownFileType = sourcecode.swift; path = ChatUser.swift; sourceTree = "<group>"; };
		7DF1BA2D2776258600901A98 /* ChatLogView.swift */ = {isa = PBXFileReference; lastKnownFileType = sourcecode.swift; path = ChatLogView.swift; sourceTree = "<group>"; };
		98741F62B41AC032975CFC45 /* Pods-SwiftUIFirebaseChat.release.xcconfig */ = {isa = PBXFileReference; includeInIndex = 1; lastKnownFileType = text.xcconfig; name = "Pods-SwiftUIFirebaseChat.release.xcconfig"; path = "Target Support Files/Pods-SwiftUIFirebaseChat/Pods-SwiftUIFirebaseChat.release.xcconfig"; sourceTree = "<group>"; };
		B2A375885CD914E30D879705 /* Pods-SwiftUIFirebaseChat.debug.xcconfig */ = {isa = PBXFileReference; includeInIndex = 1; lastKnownFileType = text.xcconfig; name = "Pods-SwiftUIFirebaseChat.debug.xcconfig"; path = "Target Support Files/Pods-SwiftUIFirebaseChat/Pods-SwiftUIFirebaseChat.debug.xcconfig"; sourceTree = "<group>"; };
/* End PBXFileReference section */

/* Begin PBXFrameworksBuildPhase section */
		7D5F8E752768C879003167CF /* Frameworks */ = {
			isa = PBXFrameworksBuildPhase;
			buildActionMask = 2147483647;
			files = (
				7DDB1F472772261800700407 /* SDWebImageSwiftUI in Frameworks */,
				7D5F8E8B2768E7E3003167CF /* FirebaseAuth in Frameworks */,
				7D5F8E8D2768E7E3003167CF /* FirebaseStorage in Frameworks */,
				46577F95FA6E7C78D64F4C96 /* Pods_SwiftUIFirebaseChat.framework in Frameworks */,
			);
			runOnlyForDeploymentPostprocessing = 0;
		};
/* End PBXFrameworksBuildPhase section */

/* Begin PBXGroup section */
		1498AA91495AD553C790B095 /* Pods */ = {
			isa = PBXGroup;
			children = (
				B2A375885CD914E30D879705 /* Pods-SwiftUIFirebaseChat.debug.xcconfig */,
				98741F62B41AC032975CFC45 /* Pods-SwiftUIFirebaseChat.release.xcconfig */,
			);
			path = Pods;
			sourceTree = "<group>";
		};
		639A3D79FBE1BD3490C2F65F /* Frameworks */ = {
			isa = PBXGroup;
			children = (
				1D5EECE99800FE128CC37994 /* Pods_SwiftUIFirebaseChat.framework */,
			);
			name = Frameworks;
			sourceTree = "<group>";
		};
		7D5F8E6F2768C879003167CF = {
			isa = PBXGroup;
			children = (
				7D5F8E7A2768C879003167CF /* SwiftUIFirebaseChat */,
				7D5F8E792768C879003167CF /* Products */,
				1498AA91495AD553C790B095 /* Pods */,
				639A3D79FBE1BD3490C2F65F /* Frameworks */,
			);
			sourceTree = "<group>";
		};
		7D5F8E792768C879003167CF /* Products */ = {
			isa = PBXGroup;
			children = (
				7D5F8E782768C879003167CF /* SwiftUIFirebaseChat.app */,
			);
			name = Products;
			sourceTree = "<group>";
		};
		7D5F8E7A2768C879003167CF /* SwiftUIFirebaseChat */ = {
			isa = PBXGroup;
			children = (
				7DDB1F42277220F100700407 /* Models */,
				7DDB1F41277216AF00700407 /* Utils */,
				7D72D0772770C36D005FB462 /* MainMessages */,
				7D5F8E7B2768C879003167CF /* SwiftUIFirebaseChatApp.swift */,
				7D5F8E7D2768C879003167CF /* LoginView.swift */,
				7D806CB0276A1AC70098F03C /* ImagePicker.swift */,
				7D5F8E8E2768E8EA003167CF /* GoogleService-Info.plist */,
				7D5F8E7F2768C879003167CF /* Assets.xcassets */,
				7D5F8E812768C879003167CF /* Preview Content */,
			);
			path = SwiftUIFirebaseChat;
			sourceTree = "<group>";
		};
		7D5F8E812768C879003167CF /* Preview Content */ = {
			isa = PBXGroup;
			children = (
				7D5F8E822768C879003167CF /* Preview Assets.xcassets */,
			);
			path = "Preview Content";
			sourceTree = "<group>";
		};
		7D72D0772770C36D005FB462 /* MainMessages */ = {
			isa = PBXGroup;
			children = (
				7DF1BA2C2776257500901A98 /* ChatLog */,
				7D967A79277373860051FC3A /* NewMessage */,
				7D72D0782770C3A5005FB462 /* MainMessagesView.swift */,
				7DDB1F3F277215FD00700407 /* MainMessagesViewModel.swift */,
			);
			path = MainMessages;
			sourceTree = "<group>";
		};
		7D967A79277373860051FC3A /* NewMessage */ = {
			isa = PBXGroup;
			children = (
				7D967A7A277373A90051FC3A /* CreateNewMessageView.swift */,
				7D967A7C277376030051FC3A /* CreateNewMessageViewModel.swift */,
			);
			path = NewMessage;
			sourceTree = "<group>";
		};
		7DDB1F41277216AF00700407 /* Utils */ = {
			isa = PBXGroup;
			children = (
				7D5F8E902768EF35003167CF /* FirebaseManager.swift */,
			);
			path = Utils;
			sourceTree = "<group>";
		};
		7DDB1F42277220F100700407 /* Models */ = {
			isa = PBXGroup;
			children = (
				7DDB1F432772211100700407 /* ChatUser.swift */,
				7D703AE32785EF6F00B7CA16 /* ChatMessage.swift */,
			);
			path = Models;
			sourceTree = "<group>";
		};
		7DF1BA2C2776257500901A98 /* ChatLog */ = {
			isa = PBXGroup;
			children = (
				7DF1BA2D2776258600901A98 /* ChatLogView.swift */,
				7D1C3F5B2784529C00982B01 /* ChatLogViewModel.swift */,
			);
			path = ChatLog;
			sourceTree = "<group>";
		};
/* End PBXGroup section */

/* Begin PBXNativeTarget section */
		7D5F8E772768C879003167CF /* SwiftUIFirebaseChat */ = {
			isa = PBXNativeTarget;
			buildConfigurationList = 7D5F8E862768C879003167CF /* Build configuration list for PBXNativeTarget "SwiftUIFirebaseChat" */;
			buildPhases = (
				CDFF795F9F0E7E43B6C17775 /* [CP] Check Pods Manifest.lock */,
				7D5F8E742768C879003167CF /* Sources */,
				7D5F8E752768C879003167CF /* Frameworks */,
				7D5F8E762768C879003167CF /* Resources */,
				8FE49F6D9592DF4C5F2596DC /* [CP] Copy Pods Resources */,
			);
			buildRules = (
			);
			dependencies = (
			);
			name = SwiftUIFirebaseChat;
			packageProductDependencies = (
				7D5F8E8A2768E7E3003167CF /* FirebaseAuth */,
				7D5F8E8C2768E7E3003167CF /* FirebaseStorage */,
				7DDB1F462772261800700407 /* SDWebImageSwiftUI */,
			);
			productName = SwiftUIFirebaseChat;
			productReference = 7D5F8E782768C879003167CF /* SwiftUIFirebaseChat.app */;
			productType = "com.apple.product-type.application";
		};
/* End PBXNativeTarget section */

/* Begin PBXProject section */
		7D5F8E702768C879003167CF /* Project object */ = {
			isa = PBXProject;
			attributes = {
				BuildIndependentTargetsInParallel = 1;
				LastSwiftUpdateCheck = 1310;
				LastUpgradeCheck = 1310;
				TargetAttributes = {
					7D5F8E772768C879003167CF = {
						CreatedOnToolsVersion = 13.1;
					};
				};
			};
			buildConfigurationList = 7D5F8E732768C879003167CF /* Build configuration list for PBXProject "SwiftUIFirebaseChat" */;
			compatibilityVersion = "Xcode 13.0";
			developmentRegion = en;
			hasScannedForEncodings = 0;
			knownRegions = (
				en,
				Base,
			);
			mainGroup = 7D5F8E6F2768C879003167CF;
			packageReferences = (
				7D5F8E892768E7E3003167CF /* XCRemoteSwiftPackageReference "firebase-ios-sdk" */,
				7DDB1F452772261800700407 /* XCRemoteSwiftPackageReference "SDWebImageSwiftUI" */,
			);
			productRefGroup = 7D5F8E792768C879003167CF /* Products */;
			projectDirPath = "";
			projectRoot = "";
			targets = (
				7D5F8E772768C879003167CF /* SwiftUIFirebaseChat */,
			);
		};
/* End PBXProject section */

/* Begin PBXResourcesBuildPhase section */
		7D5F8E762768C879003167CF /* Resources */ = {
			isa = PBXResourcesBuildPhase;
			buildActionMask = 2147483647;
			files = (
				7D5F8E832768C879003167CF /* Preview Assets.xcassets in Resources */,
				7D5F8E802768C879003167CF /* Assets.xcassets in Resources */,
				7D5F8E8F2768E8EA003167CF /* GoogleService-Info.plist in Resources */,
			);
			runOnlyForDeploymentPostprocessing = 0;
		};
/* End PBXResourcesBuildPhase section */

/* Begin PBXShellScriptBuildPhase section */
		8FE49F6D9592DF4C5F2596DC /* [CP] Copy Pods Resources */ = {
			isa = PBXShellScriptBuildPhase;
			buildActionMask = 2147483647;
			files = (
			);
			inputFileListPaths = (
				"${PODS_ROOT}/Target Support Files/Pods-SwiftUIFirebaseChat/Pods-SwiftUIFirebaseChat-resources-${CONFIGURATION}-input-files.xcfilelist",
			);
			name = "[CP] Copy Pods Resources";
			outputFileListPaths = (
				"${PODS_ROOT}/Target Support Files/Pods-SwiftUIFirebaseChat/Pods-SwiftUIFirebaseChat-resources-${CONFIGURATION}-output-files.xcfilelist",
			);
			runOnlyForDeploymentPostprocessing = 0;
			shellPath = /bin/sh;
			shellScript = "\"${PODS_ROOT}/Target Support Files/Pods-SwiftUIFirebaseChat/Pods-SwiftUIFirebaseChat-resources.sh\"\n";
			showEnvVarsInLog = 0;
		};
		CDFF795F9F0E7E43B6C17775 /* [CP] Check Pods Manifest.lock */ = {
			isa = PBXShellScriptBuildPhase;
			buildActionMask = 2147483647;
			files = (
			);
			inputFileListPaths = (
			);
			inputPaths = (
				"${PODS_PODFILE_DIR_PATH}/Podfile.lock",
				"${PODS_ROOT}/Manifest.lock",
			);
			name = "[CP] Check Pods Manifest.lock";
			outputFileListPaths = (
			);
			outputPaths = (
				"$(DERIVED_FILE_DIR)/Pods-SwiftUIFirebaseChat-checkManifestLockResult.txt",
			);
			runOnlyForDeploymentPostprocessing = 0;
			shellPath = /bin/sh;
			shellScript = "diff \"${PODS_PODFILE_DIR_PATH}/Podfile.lock\" \"${PODS_ROOT}/Manifest.lock\" > /dev/null\nif [ $? != 0 ] ; then\n    # print error to STDERR\n    echo \"error: The sandbox is not in sync with the Podfile.lock. Run 'pod install' or update your CocoaPods installation.\" >&2\n    exit 1\nfi\n# This output is used by Xcode 'outputs' to avoid re-running this script phase.\necho \"SUCCESS\" > \"${SCRIPT_OUTPUT_FILE_0}\"\n";
			showEnvVarsInLog = 0;
		};
/* End PBXShellScriptBuildPhase section */

/* Begin PBXSourcesBuildPhase section */
		7D5F8E742768C879003167CF /* Sources */ = {
			isa = PBXSourcesBuildPhase;
			buildActionMask = 2147483647;
			files = (
				7DDB1F442772211100700407 /* ChatUser.swift in Sources */,
				7DF1BA2E2776258600901A98 /* ChatLogView.swift in Sources */,
				7D5F8E912768EF35003167CF /* FirebaseManager.swift in Sources */,
				7D1C3F5C2784529C00982B01 /* ChatLogViewModel.swift in Sources */,
				7D806CB1276A1AC70098F03C /* ImagePicker.swift in Sources */,
				7D967A7B277373A90051FC3A /* CreateNewMessageView.swift in Sources */,
				7D5F8E7E2768C879003167CF /* LoginView.swift in Sources */,
				7D5F8E7C2768C879003167CF /* SwiftUIFirebaseChatApp.swift in Sources */,
				7D72D0792770C3A5005FB462 /* MainMessagesView.swift in Sources */,
				7D703AE42785EF6F00B7CA16 /* ChatMessage.swift in Sources */,
				7D967A7D277376030051FC3A /* CreateNewMessageViewModel.swift in Sources */,
				7DDB1F40277215FD00700407 /* MainMessagesViewModel.swift in Sources */,
			);
			runOnlyForDeploymentPostprocessing = 0;
		};
/* End PBXSourcesBuildPhase section */

/* Begin XCBuildConfiguration section */
		7D5F8E842768C879003167CF /* Debug */ = {
			isa = XCBuildConfiguration;
			buildSettings = {
				ALWAYS_SEARCH_USER_PATHS = NO;
				CLANG_ANALYZER_NONNULL = YES;
				CLANG_ANALYZER_NUMBER_OBJECT_CONVERSION = YES_AGGRESSIVE;
				CLANG_CXX_LANGUAGE_STANDARD = "gnu++17";
				CLANG_CXX_LIBRARY = "libc++";
				CLANG_ENABLE_MODULES = YES;
				CLANG_ENABLE_OBJC_ARC = YES;
				CLANG_ENABLE_OBJC_WEAK = YES;
				CLANG_WARN_BLOCK_CAPTURE_AUTORELEASING = YES;
				CLANG_WARN_BOOL_CONVERSION = YES;
				CLANG_WARN_COMMA = YES;
				CLANG_WARN_CONSTANT_CONVERSION = YES;
				CLANG_WARN_DEPRECATED_OBJC_IMPLEMENTATIONS = YES;
				CLANG_WARN_DIRECT_OBJC_ISA_USAGE = YES_ERROR;
				CLANG_WARN_DOCUMENTATION_COMMENTS = YES;
				CLANG_WARN_EMPTY_BODY = YES;
				CLANG_WARN_ENUM_CONVERSION = YES;
				CLANG_WARN_INFINITE_RECURSION = YES;
				CLANG_WARN_INT_CONVERSION = YES;
				CLANG_WARN_NON_LITERAL_NULL_CONVERSION = YES;
				CLANG_WARN_OBJC_IMPLICIT_RETAIN_SELF = YES;
				CLANG_WARN_OBJC_LITERAL_CONVERSION = YES;
				CLANG_WARN_OBJC_ROOT_CLASS = YES_ERROR;
				CLANG_WARN_QUOTED_INCLUDE_IN_FRAMEWORK_HEADER = YES;
				CLANG_WARN_RANGE_LOOP_ANALYSIS = YES;
				CLANG_WARN_STRICT_PROTOTYPES = YES;
				CLANG_WARN_SUSPICIOUS_MOVE = YES;
				CLANG_WARN_UNGUARDED_AVAILABILITY = YES_AGGRESSIVE;
				CLANG_WARN_UNREACHABLE_CODE = YES;
				CLANG_WARN__DUPLICATE_METHOD_MATCH = YES;
				COPY_PHASE_STRIP = NO;
				DEBUG_INFORMATION_FORMAT = dwarf;
				ENABLE_STRICT_OBJC_MSGSEND = YES;
				ENABLE_TESTABILITY = YES;
				GCC_C_LANGUAGE_STANDARD = gnu11;
				GCC_DYNAMIC_NO_PIC = NO;
				GCC_NO_COMMON_BLOCKS = YES;
				GCC_OPTIMIZATION_LEVEL = 0;
				GCC_PREPROCESSOR_DEFINITIONS = (
					"DEBUG=1",
					"$(inherited)",
				);
				GCC_WARN_64_TO_32_BIT_CONVERSION = YES;
				GCC_WARN_ABOUT_RETURN_TYPE = YES_ERROR;
				GCC_WARN_UNDECLARED_SELECTOR = YES;
				GCC_WARN_UNINITIALIZED_AUTOS = YES_AGGRESSIVE;
				GCC_WARN_UNUSED_FUNCTION = YES;
				GCC_WARN_UNUSED_VARIABLE = YES;
				IPHONEOS_DEPLOYMENT_TARGET = 15.0;
				MTL_ENABLE_DEBUG_INFO = INCLUDE_SOURCE;
				MTL_FAST_MATH = YES;
				ONLY_ACTIVE_ARCH = YES;
				SDKROOT = iphoneos;
				SWIFT_ACTIVE_COMPILATION_CONDITIONS = DEBUG;
				SWIFT_OPTIMIZATION_LEVEL = "-Onone";
			};
			name = Debug;
		};
		7D5F8E852768C879003167CF /* Release */ = {
			isa = XCBuildConfiguration;
			buildSettings = {
				ALWAYS_SEARCH_USER_PATHS = NO;
				CLANG_ANALYZER_NONNULL = YES;
				CLANG_ANALYZER_NUMBER_OBJECT_CONVERSION = YES_AGGRESSIVE;
				CLANG_CXX_LANGUAGE_STANDARD = "gnu++17";
				CLANG_CXX_LIBRARY = "libc++";
				CLANG_ENABLE_MODULES = YES;
				CLANG_ENABLE_OBJC_ARC = YES;
				CLANG_ENABLE_OBJC_WEAK = YES;
				CLANG_WARN_BLOCK_CAPTURE_AUTORELEASING = YES;
				CLANG_WARN_BOOL_CONVERSION = YES;
				CLANG_WARN_COMMA = YES;
				CLANG_WARN_CONSTANT_CONVERSION = YES;
				CLANG_WARN_DEPRECATED_OBJC_IMPLEMENTATIONS = YES;
				CLANG_WARN_DIRECT_OBJC_ISA_USAGE = YES_ERROR;
				CLANG_WARN_DOCUMENTATION_COMMENTS = YES;
				CLANG_WARN_EMPTY_BODY = YES;
				CLANG_WARN_ENUM_CONVERSION = YES;
				CLANG_WARN_INFINITE_RECURSION = YES;
				CLANG_WARN_INT_CONVERSION = YES;
				CLANG_WARN_NON_LITERAL_NULL_CONVERSION = YES;
				CLANG_WARN_OBJC_IMPLICIT_RETAIN_SELF = YES;
				CLANG_WARN_OBJC_LITERAL_CONVERSION = YES;
				CLANG_WARN_OBJC_ROOT_CLASS = YES_ERROR;
				CLANG_WARN_QUOTED_INCLUDE_IN_FRAMEWORK_HEADER = YES;
				CLANG_WARN_RANGE_LOOP_ANALYSIS = YES;
				CLANG_WARN_STRICT_PROTOTYPES = YES;
				CLANG_WARN_SUSPICIOUS_MOVE = YES;
				CLANG_WARN_UNGUARDED_AVAILABILITY = YES_AGGRESSIVE;
				CLANG_WARN_UNREACHABLE_CODE = YES;
				CLANG_WARN__DUPLICATE_METHOD_MATCH = YES;
				COPY_PHASE_STRIP = NO;
				DEBUG_INFORMATION_FORMAT = "dwarf-with-dsym";
				ENABLE_NS_ASSERTIONS = NO;
				ENABLE_STRICT_OBJC_MSGSEND = YES;
				GCC_C_LANGUAGE_STANDARD = gnu11;
				GCC_NO_COMMON_BLOCKS = YES;
				GCC_WARN_64_TO_32_BIT_CONVERSION = YES;
				GCC_WARN_ABOUT_RETURN_TYPE = YES_ERROR;
				GCC_WARN_UNDECLARED_SELECTOR = YES;
				GCC_WARN_UNINITIALIZED_AUTOS = YES_AGGRESSIVE;
				GCC_WARN_UNUSED_FUNCTION = YES;
				GCC_WARN_UNUSED_VARIABLE = YES;
				IPHONEOS_DEPLOYMENT_TARGET = 15.0;
				MTL_ENABLE_DEBUG_INFO = NO;
				MTL_FAST_MATH = YES;
				SDKROOT = iphoneos;
				SWIFT_COMPILATION_MODE = wholemodule;
				SWIFT_OPTIMIZATION_LEVEL = "-O";
				VALIDATE_PRODUCT = YES;
			};
			name = Release;
		};
		7D5F8E872768C879003167CF /* Debug */ = {
			isa = XCBuildConfiguration;
			baseConfigurationReference = B2A375885CD914E30D879705 /* Pods-SwiftUIFirebaseChat.debug.xcconfig */;
			buildSettings = {
				ASSETCATALOG_COMPILER_APPICON_NAME = AppIcon;
				ASSETCATALOG_COMPILER_GLOBAL_ACCENT_COLOR_NAME = AccentColor;
				CODE_SIGN_STYLE = Automatic;
				CURRENT_PROJECT_VERSION = 1;
				DEVELOPMENT_ASSET_PATHS = "\"SwiftUIFirebaseChat/Preview Content\"";
				DEVELOPMENT_TEAM = HA4A8Y4KQA;
				ENABLE_PREVIEWS = YES;
				GENERATE_INFOPLIST_FILE = YES;
				INFOPLIST_KEY_UIApplicationSceneManifest_Generation = YES;
				INFOPLIST_KEY_UIApplicationSupportsIndirectInputEvents = YES;
				INFOPLIST_KEY_UILaunchScreen_Generation = YES;
				INFOPLIST_KEY_UISupportedInterfaceOrientations_iPad = "UIInterfaceOrientationPortrait UIInterfaceOrientationPortraitUpsideDown UIInterfaceOrientationLandscapeLeft UIInterfaceOrientationLandscapeRight";
				INFOPLIST_KEY_UISupportedInterfaceOrientations_iPhone = "UIInterfaceOrientationPortrait UIInterfaceOrientationLandscapeLeft UIInterfaceOrientationLandscapeRight";
				LD_RUNPATH_SEARCH_PATHS = (
					"$(inherited)",
					"@executable_path/Frameworks",
				);
				MARKETING_VERSION = 1.0;
				PRODUCT_BUNDLE_IDENTIFIER = com.akp.SwiftUIFirebaseChat;
				PRODUCT_NAME = "$(TARGET_NAME)";
				SWIFT_EMIT_LOC_STRINGS = YES;
				SWIFT_VERSION = 5.0;
				TARGETED_DEVICE_FAMILY = "1,2";
			};
			name = Debug;
		};
		7D5F8E882768C879003167CF /* Release */ = {
			isa = XCBuildConfiguration;
			baseConfigurationReference = 98741F62B41AC032975CFC45 /* Pods-SwiftUIFirebaseChat.release.xcconfig */;
			buildSettings = {
				ASSETCATALOG_COMPILER_APPICON_NAME = AppIcon;
				ASSETCATALOG_COMPILER_GLOBAL_ACCENT_COLOR_NAME = AccentColor;
				CODE_SIGN_STYLE = Automatic;
				CURRENT_PROJECT_VERSION = 1;
				DEVELOPMENT_ASSET_PATHS = "\"SwiftUIFirebaseChat/Preview Content\"";
				DEVELOPMENT_TEAM = HA4A8Y4KQA;
				ENABLE_PREVIEWS = YES;
				GENERATE_INFOPLIST_FILE = YES;
				INFOPLIST_KEY_UIApplicationSceneManifest_Generation = YES;
				INFOPLIST_KEY_UIApplicationSupportsIndirectInputEvents = YES;
				INFOPLIST_KEY_UILaunchScreen_Generation = YES;
				INFOPLIST_KEY_UISupportedInterfaceOrientations_iPad = "UIInterfaceOrientationPortrait UIInterfaceOrientationPortraitUpsideDown UIInterfaceOrientationLandscapeLeft UIInterfaceOrientationLandscapeRight";
				INFOPLIST_KEY_UISupportedInterfaceOrientations_iPhone = "UIInterfaceOrientationPortrait UIInterfaceOrientationLandscapeLeft UIInterfaceOrientationLandscapeRight";
				LD_RUNPATH_SEARCH_PATHS = (
					"$(inherited)",
					"@executable_path/Frameworks",
				);
				MARKETING_VERSION = 1.0;
				PRODUCT_BUNDLE_IDENTIFIER = com.akp.SwiftUIFirebaseChat;
				PRODUCT_NAME = "$(TARGET_NAME)";
				SWIFT_EMIT_LOC_STRINGS = YES;
				SWIFT_VERSION = 5.0;
				TARGETED_DEVICE_FAMILY = "1,2";
			};
			name = Release;
		};
/* End XCBuildConfiguration section */

/* Begin XCConfigurationList section */
		7D5F8E732768C879003167CF /* Build configuration list for PBXProject "SwiftUIFirebaseChat" */ = {
			isa = XCConfigurationList;
			buildConfigurations = (
				7D5F8E842768C879003167CF /* Debug */,
				7D5F8E852768C879003167CF /* Release */,
			);
			defaultConfigurationIsVisible = 0;
			defaultConfigurationName = Release;
		};
		7D5F8E862768C879003167CF /* Build configuration list for PBXNativeTarget "SwiftUIFirebaseChat" */ = {
			isa = XCConfigurationList;
			buildConfigurations = (
				7D5F8E872768C879003167CF /* Debug */,
				7D5F8E882768C879003167CF /* Release */,
			);
			defaultConfigurationIsVisible = 0;
			defaultConfigurationName = Release;
		};
/* End XCConfigurationList section */

/* Begin XCRemoteSwiftPackageReference section */
		7D5F8E892768E7E3003167CF /* XCRemoteSwiftPackageReference "firebase-ios-sdk" */ = {
			isa = XCRemoteSwiftPackageReference;
			repositoryURL = "https://github.com/firebase/firebase-ios-sdk.git";
			requirement = {
				kind = upToNextMajorVersion;
				minimumVersion = 8.0.0;
			};
		};
		7DDB1F452772261800700407 /* XCRemoteSwiftPackageReference "SDWebImageSwiftUI" */ = {
			isa = XCRemoteSwiftPackageReference;
			repositoryURL = "https://github.com/SDWebImage/SDWebImageSwiftUI.git";
			requirement = {
				kind = upToNextMajorVersion;
				minimumVersion = 2.0.0;
			};
		};
/* End XCRemoteSwiftPackageReference section */

/* Begin XCSwiftPackageProductDependency section */
		7D5F8E8A2768E7E3003167CF /* FirebaseAuth */ = {
			isa = XCSwiftPackageProductDependency;
			package = 7D5F8E892768E7E3003167CF /* XCRemoteSwiftPackageReference "firebase-ios-sdk" */;
			productName = FirebaseAuth;
		};
		7D5F8E8C2768E7E3003167CF /* FirebaseStorage */ = {
			isa = XCSwiftPackageProductDependency;
			package = 7D5F8E892768E7E3003167CF /* XCRemoteSwiftPackageReference "firebase-ios-sdk" */;
			productName = FirebaseStorage;
		};
		7DDB1F462772261800700407 /* SDWebImageSwiftUI */ = {
			isa = XCSwiftPackageProductDependency;
			package = 7DDB1F452772261800700407 /* XCRemoteSwiftPackageReference "SDWebImageSwiftUI" */;
			productName = SDWebImageSwiftUI;
		};
/* End XCSwiftPackageProductDependency section */
	};
	rootObject = 7D5F8E702768C879003167CF /* Project object */;
}
